
Microsoft Visual Studio Solution File, Format Version 12.00
Project("{FAE04EC0-301F-11D3-BF4B-00C04F79EFBC}") = "OOPSimple1", "OOPSimple1\OOPSimple1.csproj", "{294C4792-757F-4628-8267-CB39CD9FB6DC}"
EndProject
Global
	GlobalSection(SolutionConfigurationPlatforms) = preSolution
		Debug|Any CPU = Debug|Any CPU
		Release|Any CPU = Release|Any CPU
	EndGlobalSection
	GlobalSection(ProjectConfigurationPlatforms) = postSolution
		{294C4792-757F-4628-8267-CB39CD9FB6DC}.Debug|Any CPU.ActiveCfg = Debug|Any CPU
		{294C4792-757F-4628-8267-CB39CD9FB6DC}.Debug|Any CPU.Build.0 = Debug|Any CPU
		{294C4792-757F-4628-8267-CB39CD9FB6DC}.Release|Any CPU.ActiveCfg = Release|Any CPU
		{294C4792-757F-4628-8267-CB39CD9FB6DC}.Release|Any CPU.Build.0 = Release|Any CPU
	EndGlobalSection
EndGlobal
